// !$*UTF8*$!
{
	archiveVersion = 1;
	classes = {
	};
	objectVersion = 51;
	objects = {

/* Begin PBXBuildFile section */
		044174C825A4FECB00D0349F /* AppView.swift in Sources */ = {isa = PBXBuildFile; fileRef = 044174C725A4FECB00D0349F /* AppView.swift */; };
		044174CB25A4FEFA00D0349F /* HomeView.swift in Sources */ = {isa = PBXBuildFile; fileRef = 044174CA25A4FEFA00D0349F /* HomeView.swift */; };
		044174CE25A5020C00D0349F /* AddNewBookView.swift in Sources */ = {isa = PBXBuildFile; fileRef = 044174CD25A5020C00D0349F /* AddNewBookView.swift */; };
		044174D125A5029900D0349F /* SettingsView.swift in Sources */ = {isa = PBXBuildFile; fileRef = 044174D025A5029900D0349F /* SettingsView.swift */; };
		04635E27259BD2AF00702CD6 /* MyBookApp.swift in Sources */ = {isa = PBXBuildFile; fileRef = 04635E26259BD2AF00702CD6 /* MyBookApp.swift */; };
		04635E29259BD2AF00702CD6 /* ContentView.swift in Sources */ = {isa = PBXBuildFile; fileRef = 04635E28259BD2AF00702CD6 /* ContentView.swift */; };
		04635E2B259BD2B200702CD6 /* Assets.xcassets in Resources */ = {isa = PBXBuildFile; fileRef = 04635E2A259BD2B200702CD6 /* Assets.xcassets */; };
		04635E2E259BD2B200702CD6 /* Preview Assets.xcassets in Resources */ = {isa = PBXBuildFile; fileRef = 04635E2D259BD2B200702CD6 /* Preview Assets.xcassets */; };
		04A9291725A669D200C8CF5F /* Book.swift in Sources */ = {isa = PBXBuildFile; fileRef = 04A9291625A669D200C8CF5F /* Book.swift */; };
		04A9291E25A6737700C8CF5F /* LoginView.swift in Sources */ = {isa = PBXBuildFile; fileRef = 04A9291D25A6737700C8CF5F /* LoginView.swift */; };
		04A9292125A673CA00C8CF5F /* NewUserView.swift in Sources */ = {isa = PBXBuildFile; fileRef = 04A9292025A673CA00C8CF5F /* NewUserView.swift */; };
		04A9292425A675C800C8CF5F /* imagePicker.swift in Sources */ = {isa = PBXBuildFile; fileRef = 04A9292325A675C800C8CF5F /* imagePicker.swift */; };
		04FA7AC225A8EA6600E91FB8 /* GoogleService-Info.plist in Resources */ = {isa = PBXBuildFile; fileRef = 04FA7AC125A8EA6600E91FB8 /* GoogleService-Info.plist */; };
		04FA7ADB25A8F62C00E91FB8 /* BookDetailsView.swift in Sources */ = {isa = PBXBuildFile; fileRef = 04FA7ADA25A8F62C00E91FB8 /* BookDetailsView.swift */; };
		95F063BBC443168FE3BB57A4 /* Pods_MyBook.framework in Frameworks */ = {isa = PBXBuildFile; fileRef = FA0A8D3801F43E80C1464C51 /* Pods_MyBook.framework */; };
/* End PBXBuildFile section */

/* Begin PBXFileReference section */
		044174C725A4FECB00D0349F /* AppView.swift */ = {isa = PBXFileReference; lastKnownFileType = sourcecode.swift; path = AppView.swift; sourceTree = "<group>"; };
		044174CA25A4FEFA00D0349F /* HomeView.swift */ = {isa = PBXFileReference; lastKnownFileType = sourcecode.swift; path = HomeView.swift; sourceTree = "<group>"; };
		044174CD25A5020C00D0349F /* AddNewBookView.swift */ = {isa = PBXFileReference; lastKnownFileType = sourcecode.swift; path = AddNewBookView.swift; sourceTree = "<group>"; };
		044174D025A5029900D0349F /* SettingsView.swift */ = {isa = PBXFileReference; lastKnownFileType = sourcecode.swift; path = SettingsView.swift; sourceTree = "<group>"; };
		04635E23259BD2AF00702CD6 /* MyBook.app */ = {isa = PBXFileReference; explicitFileType = wrapper.application; includeInIndex = 0; path = MyBook.app; sourceTree = BUILT_PRODUCTS_DIR; };
		04635E26259BD2AF00702CD6 /* MyBookApp.swift */ = {isa = PBXFileReference; lastKnownFileType = sourcecode.swift; path = MyBookApp.swift; sourceTree = "<group>"; };
		04635E28259BD2AF00702CD6 /* ContentView.swift */ = {isa = PBXFileReference; lastKnownFileType = sourcecode.swift; path = ContentView.swift; sourceTree = "<group>"; };
		04635E2A259BD2B200702CD6 /* Assets.xcassets */ = {isa = PBXFileReference; lastKnownFileType = folder.assetcatalog; path = Assets.xcassets; sourceTree = "<group>"; };
		04635E2D259BD2B200702CD6 /* Preview Assets.xcassets */ = {isa = PBXFileReference; lastKnownFileType = folder.assetcatalog; path = "Preview Assets.xcassets"; sourceTree = "<group>"; };
		04635E2F259BD2B200702CD6 /* Info.plist */ = {isa = PBXFileReference; lastKnownFileType = text.plist.xml; path = Info.plist; sourceTree = "<group>"; };
		04A9291625A669D200C8CF5F /* Book.swift */ = {isa = PBXFileReference; lastKnownFileType = sourcecode.swift; path = Book.swift; sourceTree = "<group>"; };
		04A9291D25A6737700C8CF5F /* LoginView.swift */ = {isa = PBXFileReference; lastKnownFileType = sourcecode.swift; path = LoginView.swift; sourceTree = "<group>"; };
		04A9292025A673CA00C8CF5F /* NewUserView.swift */ = {isa = PBXFileReference; lastKnownFileType = sourcecode.swift; path = NewUserView.swift; sourceTree = "<group>"; };
		04A9292325A675C800C8CF5F /* imagePicker.swift */ = {isa = PBXFileReference; lastKnownFileType = sourcecode.swift; path = imagePicker.swift; sourceTree = "<group>"; };
		04FA7AC125A8EA6600E91FB8 /* GoogleService-Info.plist */ = {isa = PBXFileReference; fileEncoding = 4; lastKnownFileType = text.plist.xml; path = "GoogleService-Info.plist"; sourceTree = "<group>"; };
		04FA7ADA25A8F62C00E91FB8 /* BookDetailsView.swift */ = {isa = PBXFileReference; lastKnownFileType = sourcecode.swift; path = BookDetailsView.swift; sourceTree = "<group>"; };
		76681B9D141048C4A141A849 /* Pods-MyBook.release.xcconfig */ = {isa = PBXFileReference; includeInIndex = 1; lastKnownFileType = text.xcconfig; name = "Pods-MyBook.release.xcconfig"; path = "Target Support Files/Pods-MyBook/Pods-MyBook.release.xcconfig"; sourceTree = "<group>"; };
		B06493760F73C56E2E7F3009 /* Pods-MyBook.debug.xcconfig */ = {isa = PBXFileReference; includeInIndex = 1; lastKnownFileType = text.xcconfig; name = "Pods-MyBook.debug.xcconfig"; path = "Target Support Files/Pods-MyBook/Pods-MyBook.debug.xcconfig"; sourceTree = "<group>"; };
		FA0A8D3801F43E80C1464C51 /* Pods_MyBook.framework */ = {isa = PBXFileReference; explicitFileType = wrapper.framework; includeInIndex = 0; path = Pods_MyBook.framework; sourceTree = BUILT_PRODUCTS_DIR; };
/* End PBXFileReference section */

/* Begin PBXFrameworksBuildPhase section */
		04635E20259BD2AF00702CD6 /* Frameworks */ = {
			isa = PBXFrameworksBuildPhase;
			buildActionMask = 2147483647;
			files = (
				95F063BBC443168FE3BB57A4 /* Pods_MyBook.framework in Frameworks */,
			);
			runOnlyForDeploymentPostprocessing = 0;
		};
/* End PBXFrameworksBuildPhase section */

/* Begin PBXGroup section */
		04635E1A259BD2AF00702CD6 = {
			isa = PBXGroup;
			children = (
				04635E25259BD2AF00702CD6 /* MyBook */,
				04635E24259BD2AF00702CD6 /* Products */,
				D59D3589183F436D5CE0FF78 /* Pods */,
				CC0358D4638A5E5407299DB6 /* Frameworks */,
			);
			sourceTree = "<group>";
		};
		04635E24259BD2AF00702CD6 /* Products */ = {
			isa = PBXGroup;
			children = (
				04635E23259BD2AF00702CD6 /* MyBook.app */,
			);
			name = Products;
			sourceTree = "<group>";
		};
		04635E25259BD2AF00702CD6 /* MyBook */ = {
			isa = PBXGroup;
			children = (
				04A9291A25A671AF00C8CF5F /* Views */,
				04A9291925A6719700C8CF5F /* Models */,
				04635E26259BD2AF00702CD6 /* MyBookApp.swift */,
				04635E2A259BD2B200702CD6 /* Assets.xcassets */,
				04635E2F259BD2B200702CD6 /* Info.plist */,
				04FA7AC125A8EA6600E91FB8 /* GoogleService-Info.plist */,
				04635E2C259BD2B200702CD6 /* Preview Content */,
			);
			path = MyBook;
			sourceTree = "<group>";
		};
		04635E2C259BD2B200702CD6 /* Preview Content */ = {
			isa = PBXGroup;
			children = (
				04635E2D259BD2B200702CD6 /* Preview Assets.xcassets */,
			);
			path = "Preview Content";
			sourceTree = "<group>";
		};
		04A9291925A6719700C8CF5F /* Models */ = {
			isa = PBXGroup;
			children = (
				04A9292325A675C800C8CF5F /* imagePicker.swift */,
				04A9291625A669D200C8CF5F /* Book.swift */,
			);
			path = Models;
			sourceTree = "<group>";
		};
		04A9291A25A671AF00C8CF5F /* Views */ = {
			isa = PBXGroup;
			children = (
				044174CD25A5020C00D0349F /* AddNewBookView.swift */,
				044174CA25A4FEFA00D0349F /* HomeView.swift */,
				04635E28259BD2AF00702CD6 /* ContentView.swift */,
				044174C725A4FECB00D0349F /* AppView.swift */,
				044174D025A5029900D0349F /* SettingsView.swift */,
				04A9291D25A6737700C8CF5F /* LoginView.swift */,
				04A9292025A673CA00C8CF5F /* NewUserView.swift */,
				04FA7ADA25A8F62C00E91FB8 /* BookDetailsView.swift */,
			);
			path = Views;
			sourceTree = "<group>";
		};
		CC0358D4638A5E5407299DB6 /* Frameworks */ = {
			isa = PBXGroup;
			children = (
				FA0A8D3801F43E80C1464C51 /* Pods_MyBook.framework */,
			);
			name = Frameworks;
			sourceTree = "<group>";
		};
		D59D3589183F436D5CE0FF78 /* Pods */ = {
			isa = PBXGroup;
			children = (
				B06493760F73C56E2E7F3009 /* Pods-MyBook.debug.xcconfig */,
				76681B9D141048C4A141A849 /* Pods-MyBook.release.xcconfig */,
			);
			path = Pods;
			sourceTree = "<group>";
		};
/* End PBXGroup section */

/* Begin PBXNativeTarget section */
		04635E22259BD2AF00702CD6 /* MyBook */ = {
			isa = PBXNativeTarget;
			buildConfigurationList = 04635E32259BD2B200702CD6 /* Build configuration list for PBXNativeTarget "MyBook" */;
			buildPhases = (
				0B0D3A2F37FFD01157818811 /* [CP] Check Pods Manifest.lock */,
				04635E1F259BD2AF00702CD6 /* Sources */,
				04635E20259BD2AF00702CD6 /* Frameworks */,
				04635E21259BD2AF00702CD6 /* Resources */,
				F81500A96BEC16EA6964C029 /* [CP] Embed Pods Frameworks */,
			);
			buildRules = (
			);
			dependencies = (
			);
			name = MyBook;
			productName = MyBook;
			productReference = 04635E23259BD2AF00702CD6 /* MyBook.app */;
			productType = "com.apple.product-type.application";
		};
/* End PBXNativeTarget section */

/* Begin PBXProject section */
		04635E1B259BD2AF00702CD6 /* Project object */ = {
			isa = PBXProject;
			attributes = {
				LastSwiftUpdateCheck = 1230;
				LastUpgradeCheck = 1230;
				TargetAttributes = {
					04635E22259BD2AF00702CD6 = {
						CreatedOnToolsVersion = 12.3;
					};
				};
			};
			buildConfigurationList = 04635E1E259BD2AF00702CD6 /* Build configuration list for PBXProject "MyBook" */;
			compatibilityVersion = "Xcode 9.3";
			developmentRegion = en;
			hasScannedForEncodings = 0;
			knownRegions = (
				en,
				Base,
			);
			mainGroup = 04635E1A259BD2AF00702CD6;
			productRefGroup = 04635E24259BD2AF00702CD6 /* Products */;
			projectDirPath = "";
			projectRoot = "";
			targets = (
				04635E22259BD2AF00702CD6 /* MyBook */,
			);
		};
/* End PBXProject section */

/* Begin PBXResourcesBuildPhase section */
		04635E21259BD2AF00702CD6 /* Resources */ = {
			isa = PBXResourcesBuildPhase;
			buildActionMask = 2147483647;
			files = (
				04635E2E259BD2B200702CD6 /* Preview Assets.xcassets in Resources */,
				04FA7AC225A8EA6600E91FB8 /* GoogleService-Info.plist in Resources */,
				04635E2B259BD2B200702CD6 /* Assets.xcassets in Resources */,
			);
			runOnlyForDeploymentPostprocessing = 0;
		};
/* End PBXResourcesBuildPhase section */

/* Begin PBXShellScriptBuildPhase section */
		0B0D3A2F37FFD01157818811 /* [CP] Check Pods Manifest.lock */ = {
			isa = PBXShellScriptBuildPhase;
			buildActionMask = 2147483647;
			files = (
			);
			inputFileListPaths = (
			);
			inputPaths = (
				"${PODS_PODFILE_DIR_PATH}/Podfile.lock",
				"${PODS_ROOT}/Manifest.lock",
			);
			name = "[CP] Check Pods Manifest.lock";
			outputFileListPaths = (
			);
			outputPaths = (
				"$(DERIVED_FILE_DIR)/Pods-MyBook-checkManifestLockResult.txt",
			);
			runOnlyForDeploymentPostprocessing = 0;
			shellPath = /bin/sh;
			shellScript = "diff \"${PODS_PODFILE_DIR_PATH}/Podfile.lock\" \"${PODS_ROOT}/Manifest.lock\" > /dev/null\nif [ $? != 0 ] ; then\n    # print error to STDERR\n    echo \"error: The sandbox is not in sync with the Podfile.lock. Run 'pod install' or update your CocoaPods installation.\" >&2\n    exit 1\nfi\n# This output is used by Xcode 'outputs' to avoid re-running this script phase.\necho \"SUCCESS\" > \"${SCRIPT_OUTPUT_FILE_0}\"\n";
			showEnvVarsInLog = 0;
		};
		F81500A96BEC16EA6964C029 /* [CP] Embed Pods Frameworks */ = {
			isa = PBXShellScriptBuildPhase;
			buildActionMask = 2147483647;
			files = (
			);
			inputFileListPaths = (
				"${PODS_ROOT}/Target Support Files/Pods-MyBook/Pods-MyBook-frameworks-${CONFIGURATION}-input-files.xcfilelist",
			);
			name = "[CP] Embed Pods Frameworks";
			outputFileListPaths = (
				"${PODS_ROOT}/Target Support Files/Pods-MyBook/Pods-MyBook-frameworks-${CONFIGURATION}-output-files.xcfilelist",
			);
			runOnlyForDeploymentPostprocessing = 0;
			shellPath = /bin/sh;
			shellScript = "\"${PODS_ROOT}/Target Support Files/Pods-MyBook/Pods-MyBook-frameworks.sh\"\n";
			showEnvVarsInLog = 0;
		};
/* End PBXShellScriptBuildPhase section */

/* Begin PBXSourcesBuildPhase section */
		04635E1F259BD2AF00702CD6 /* Sources */ = {
			isa = PBXSourcesBuildPhase;
			buildActionMask = 2147483647;
			files = (
				04635E29259BD2AF00702CD6 /* ContentView.swift in Sources */,
				044174CE25A5020C00D0349F /* AddNewBookView.swift in Sources */,
				04A9291725A669D200C8CF5F /* Book.swift in Sources */,
				044174CB25A4FEFA00D0349F /* HomeView.swift in Sources */,
				04FA7ADB25A8F62C00E91FB8 /* BookDetailsView.swift in Sources */,
				044174D125A5029900D0349F /* SettingsView.swift in Sources */,
				04635E27259BD2AF00702CD6 /* MyBookApp.swift in Sources */,
				04A9291E25A6737700C8CF5F /* LoginView.swift in Sources */,
				04A9292425A675C800C8CF5F /* imagePicker.swift in Sources */,
				04A9292125A673CA00C8CF5F /* NewUserView.swift in Sources */,
				044174C825A4FECB00D0349F /* AppView.swift in Sources */,
			);
			runOnlyForDeploymentPostprocessing = 0;
		};
/* End PBXSourcesBuildPhase section */

/* Begin XCBuildConfiguration section */
		04635E30259BD2B200702CD6 /* Debug */ = {
			isa = XCBuildConfiguration;
			buildSettings = {
				ALWAYS_SEARCH_USER_PATHS = NO;
				CLANG_ANALYZER_NONNULL = YES;
				CLANG_ANALYZER_NUMBER_OBJECT_CONVERSION = YES_AGGRESSIVE;
				CLANG_CXX_LANGUAGE_STANDARD = "gnu++14";
				CLANG_CXX_LIBRARY = "libc++";
				CLANG_ENABLE_MODULES = YES;
				CLANG_ENABLE_OBJC_ARC = YES;
				CLANG_ENABLE_OBJC_WEAK = YES;
				CLANG_WARN_BLOCK_CAPTURE_AUTORELEASING = YES;
				CLANG_WARN_BOOL_CONVERSION = YES;
				CLANG_WARN_COMMA = YES;
				CLANG_WARN_CONSTANT_CONVERSION = YES;
				CLANG_WARN_DEPRECATED_OBJC_IMPLEMENTATIONS = YES;
				CLANG_WARN_DIRECT_OBJC_ISA_USAGE = YES_ERROR;
				CLANG_WARN_DOCUMENTATION_COMMENTS = YES;
				CLANG_WARN_EMPTY_BODY = YES;
				CLANG_WARN_ENUM_CONVERSION = YES;
				CLANG_WARN_INFINITE_RECURSION = YES;
				CLANG_WARN_INT_CONVERSION = YES;
				CLANG_WARN_NON_LITERAL_NULL_CONVERSION = YES;
				CLANG_WARN_OBJC_IMPLICIT_RETAIN_SELF = YES;
				CLANG_WARN_OBJC_LITERAL_CONVERSION = YES;
				CLANG_WARN_OBJC_ROOT_CLASS = YES_ERROR;
				CLANG_WARN_QUOTED_INCLUDE_IN_FRAMEWORK_HEADER = YES;
				CLANG_WARN_RANGE_LOOP_ANALYSIS = YES;
				CLANG_WARN_STRICT_PROTOTYPES = YES;
				CLANG_WARN_SUSPICIOUS_MOVE = YES;
				CLANG_WARN_UNGUARDED_AVAILABILITY = YES_AGGRESSIVE;
				CLANG_WARN_UNREACHABLE_CODE = YES;
				CLANG_WARN__DUPLICATE_METHOD_MATCH = YES;
				COPY_PHASE_STRIP = NO;
				DEBUG_INFORMATION_FORMAT = dwarf;
				ENABLE_STRICT_OBJC_MSGSEND = YES;
				ENABLE_TESTABILITY = YES;
				GCC_C_LANGUAGE_STANDARD = gnu11;
				GCC_DYNAMIC_NO_PIC = NO;
				GCC_NO_COMMON_BLOCKS = YES;
				GCC_OPTIMIZATION_LEVEL = 0;
				GCC_PREPROCESSOR_DEFINITIONS = (
					"DEBUG=1",
					"$(inherited)",
				);
				GCC_WARN_64_TO_32_BIT_CONVERSION = YES;
				GCC_WARN_ABOUT_RETURN_TYPE = YES_ERROR;
				GCC_WARN_UNDECLARED_SELECTOR = YES;
				GCC_WARN_UNINITIALIZED_AUTOS = YES_AGGRESSIVE;
				GCC_WARN_UNUSED_FUNCTION = YES;
				GCC_WARN_UNUSED_VARIABLE = YES;
				IPHONEOS_DEPLOYMENT_TARGET = 14.3;
				MTL_ENABLE_DEBUG_INFO = INCLUDE_SOURCE;
				MTL_FAST_MATH = YES;
				ONLY_ACTIVE_ARCH = YES;
				SDKROOT = iphoneos;
				SWIFT_ACTIVE_COMPILATION_CONDITIONS = DEBUG;
				SWIFT_OPTIMIZATION_LEVEL = "-Onone";
			};
			name = Debug;
		};
		04635E31259BD2B200702CD6 /* Release */ = {
			isa = XCBuildConfiguration;
			buildSettings = {
				ALWAYS_SEARCH_USER_PATHS = NO;
				CLANG_ANALYZER_NONNULL = YES;
				CLANG_ANALYZER_NUMBER_OBJECT_CONVERSION = YES_AGGRESSIVE;
				CLANG_CXX_LANGUAGE_STANDARD = "gnu++14";
				CLANG_CXX_LIBRARY = "libc++";
				CLANG_ENABLE_MODULES = YES;
				CLANG_ENABLE_OBJC_ARC = YES;
				CLANG_ENABLE_OBJC_WEAK = YES;
				CLANG_WARN_BLOCK_CAPTURE_AUTORELEASING = YES;
				CLANG_WARN_BOOL_CONVERSION = YES;
				CLANG_WARN_COMMA = YES;
				CLANG_WARN_CONSTANT_CONVERSION = YES;
				CLANG_WARN_DEPRECATED_OBJC_IMPLEMENTATIONS = YES;
				CLANG_WARN_DIRECT_OBJC_ISA_USAGE = YES_ERROR;
				CLANG_WARN_DOCUMENTATION_COMMENTS = YES;
				CLANG_WARN_EMPTY_BODY = YES;
				CLANG_WARN_ENUM_CONVERSION = YES;
				CLANG_WARN_INFINITE_RECURSION = YES;
				CLANG_WARN_INT_CONVERSION = YES;
				CLANG_WARN_NON_LITERAL_NULL_CONVERSION = YES;
				CLANG_WARN_OBJC_IMPLICIT_RETAIN_SELF = YES;
				CLANG_WARN_OBJC_LITERAL_CONVERSION = YES;
				CLANG_WARN_OBJC_ROOT_CLASS = YES_ERROR;
				CLANG_WARN_QUOTED_INCLUDE_IN_FRAMEWORK_HEADER = YES;
				CLANG_WARN_RANGE_LOOP_ANALYSIS = YES;
				CLANG_WARN_STRICT_PROTOTYPES = YES;
				CLANG_WARN_SUSPICIOUS_MOVE = YES;
				CLANG_WARN_UNGUARDED_AVAILABILITY = YES_AGGRESSIVE;
				CLANG_WARN_UNREACHABLE_CODE = YES;
				CLANG_WARN__DUPLICATE_METHOD_MATCH = YES;
				COPY_PHASE_STRIP = NO;
				DEBUG_INFORMATION_FORMAT = "dwarf-with-dsym";
				ENABLE_NS_ASSERTIONS = NO;
				ENABLE_STRICT_OBJC_MSGSEND = YES;
				GCC_C_LANGUAGE_STANDARD = gnu11;
				GCC_NO_COMMON_BLOCKS = YES;
				GCC_WARN_64_TO_32_BIT_CONVERSION = YES;
				GCC_WARN_ABOUT_RETURN_TYPE = YES_ERROR;
				GCC_WARN_UNDECLARED_SELECTOR = YES;
				GCC_WARN_UNINITIALIZED_AUTOS = YES_AGGRESSIVE;
				GCC_WARN_UNUSED_FUNCTION = YES;
				GCC_WARN_UNUSED_VARIABLE = YES;
				IPHONEOS_DEPLOYMENT_TARGET = 14.3;
				MTL_ENABLE_DEBUG_INFO = NO;
				MTL_FAST_MATH = YES;
				SDKROOT = iphoneos;
				SWIFT_COMPILATION_MODE = wholemodule;
				SWIFT_OPTIMIZATION_LEVEL = "-O";
				VALIDATE_PRODUCT = YES;
			};
			name = Release;
		};
		04635E33259BD2B200702CD6 /* Debug */ = {
			isa = XCBuildConfiguration;
			baseConfigurationReference = B06493760F73C56E2E7F3009 /* Pods-MyBook.debug.xcconfig */;
			buildSettings = {
				ASSETCATALOG_COMPILER_APPICON_NAME = AppIcon;
				ASSETCATALOG_COMPILER_GLOBAL_ACCENT_COLOR_NAME = AccentColor;
				CODE_SIGN_STYLE = Automatic;
				DEVELOPMENT_ASSET_PATHS = "\"MyBook/Preview Content\"";
				DEVELOPMENT_TEAM = 9ENSY7H9WG;
				ENABLE_PREVIEWS = YES;
				INFOPLIST_FILE = MyBook/Info.plist;
				IPHONEOS_DEPLOYMENT_TARGET = 14.0;
				LD_RUNPATH_SEARCH_PATHS = (
					"$(inherited)",
					"@executable_path/Frameworks",
				);
				PRODUCT_BUNDLE_IDENTIFIER = com.adnan.MyBookApp;
				PRODUCT_NAME = "$(TARGET_NAME)";
				SWIFT_VERSION = 5.0;
				TARGETED_DEVICE_FAMILY = "1,2";
			};
			name = Debug;
		};
		04635E34259BD2B200702CD6 /* Release */ = {
			isa = XCBuildConfiguration;
			baseConfigurationReference = 76681B9D141048C4A141A849 /* Pods-MyBook.release.xcconfig */;
			buildSettings = {
				ASSETCATALOG_COMPILER_APPICON_NAME = AppIcon;
				ASSETCATALOG_COMPILER_GLOBAL_ACCENT_COLOR_NAME = AccentColor;
				CODE_SIGN_STYLE = Automatic;
				DEVELOPMENT_ASSET_PATHS = "\"MyBook/Preview Content\"";
				DEVELOPMENT_TEAM = 9ENSY7H9WG;
				ENABLE_PREVIEWS = YES;
				INFOPLIST_FILE = MyBook/Info.plist;
				IPHONEOS_DEPLOYMENT_TARGET = 14.0;
				LD_RUNPATH_SEARCH_PATHS = (
					"$(inherited)",
					"@executable_path/Frameworks",
				);
				PRODUCT_BUNDLE_IDENTIFIER = com.adnan.MyBookApp;
				PRODUCT_NAME = "$(TARGET_NAME)";
				SWIFT_VERSION = 5.0;
				TARGETED_DEVICE_FAMILY = "1,2";
			};
			name = Release;
		};
/* End XCBuildConfiguration section */

/* Begin XCConfigurationList section */
		04635E1E259BD2AF00702CD6 /* Build configuration list for PBXProject "MyBook" */ = {
			isa = XCConfigurationList;
			buildConfigurations = (
				04635E30259BD2B200702CD6 /* Debug */,
				04635E31259BD2B200702CD6 /* Release */,
			);
			defaultConfigurationIsVisible = 0;
			defaultConfigurationName = Release;
		};
		04635E32259BD2B200702CD6 /* Build configuration list for PBXNativeTarget "MyBook" */ = {
			isa = XCConfigurationList;
			buildConfigurations = (
				04635E33259BD2B200702CD6 /* Debug */,
				04635E34259BD2B200702CD6 /* Release */,
			);
			defaultConfigurationIsVisible = 0;
			defaultConfigurationName = Release;
		};
/* End XCConfigurationList section */
	};
	rootObject = 04635E1B259BD2AF00702CD6 /* Project object */;
}
